
Microsoft Visual Studio Solution File, Format Version 12.00
# Visual Studio 15
VisualStudioVersion = 15.0.28010.2036
MinimumVisualStudioVersion = 10.0.40219.1
Project("{FAE04EC0-301F-11D3-BF4B-00C04F79EFBC}") = "WPF", "Lab2IT6222\WPF.csproj", "{7ECC067F-5F6E-4641-8E25-C224DE9059FC}"
EndProject
Project("{FAE04EC0-301F-11D3-BF4B-00C04F79EFBC}") = "ClassLibrary", "ClassLibrary\ClassLibrary.csproj", "{6682BF2C-4461-4D43-B0A3-4339F940F2EB}"
EndProject
Project("{FAE04EC0-301F-11D3-BF4B-00C04F79EFBC}") = "ClassLibraryTests", "ClassLibraryTests\ClassLibraryTests.csproj", "{D0D68869-64C7-40BE-BDED-72C5DAC0676F}"
EndProject
Global
	GlobalSection(SolutionConfigurationPlatforms) = preSolution
		Debug|Any CPU = Debug|Any CPU
		Release|Any CPU = Release|Any CPU
	EndGlobalSection
	GlobalSection(ProjectConfigurationPlatforms) = postSolution
		{7ECC067F-5F6E-4641-8E25-C224DE9059FC}.Debug|Any CPU.ActiveCfg = Debug|Any CPU
		{7ECC067F-5F6E-4641-8E25-C224DE9059FC}.Debug|Any CPU.Build.0 = Debug|Any CPU
		{7ECC067F-5F6E-4641-8E25-C224DE9059FC}.Release|Any CPU.ActiveCfg = Release|Any CPU
		{7ECC067F-5F6E-4641-8E25-C224DE9059FC}.Release|Any CPU.Build.0 = Release|Any CPU
		{6682BF2C-4461-4D43-B0A3-4339F940F2EB}.Debug|Any CPU.ActiveCfg = Debug|Any CPU
		{6682BF2C-4461-4D43-B0A3-4339F940F2EB}.Debug|Any CPU.Build.0 = Debug|Any CPU
		{6682BF2C-4461-4D43-B0A3-4339F940F2EB}.Release|Any CPU.ActiveCfg = Release|Any CPU
		{6682BF2C-4461-4D43-B0A3-4339F940F2EB}.Release|Any CPU.Build.0 = Release|Any CPU
		{D0D68869-64C7-40BE-BDED-72C5DAC0676F}.Debug|Any CPU.ActiveCfg = Debug|Any CPU
		{D0D68869-64C7-40BE-BDED-72C5DAC0676F}.Debug|Any CPU.Build.0 = Debug|Any CPU
		{D0D68869-64C7-40BE-BDED-72C5DAC0676F}.Release|Any CPU.ActiveCfg = Release|Any CPU
		{D0D68869-64C7-40BE-BDED-72C5DAC0676F}.Release|Any CPU.Build.0 = Release|Any CPU
	EndGlobalSection
	GlobalSection(SolutionProperties) = preSolution
		HideSolutionNode = FALSE
	EndGlobalSection
	GlobalSection(ExtensibilityGlobals) = postSolution
		SolutionGuid = {056FF7A8-6597-4204-AC35-5CBD14DD20BE}
	EndGlobalSection
EndGlobal
